
Microsoft Visual Studio Solution File, Format Version 12.00
# Visual Studio 15
VisualStudioVersion = 15.0.27703.2042
MinimumVisualStudioVersion = 10.0.40219.1
Project("{FAE04EC0-301F-11D3-BF4B-00C04F79EFBC}") = "MusicFactory", "MusicFactory\MusicFactory.csproj", "{DF6159AB-983E-4777-8C2A-D2975284BE85}"
EndProject
Project("{FAE04EC0-301F-11D3-BF4B-00C04F79EFBC}") = "CandyShop", "CandyShop\CandyShop.csproj", "{C05A0828-B152-4C6C-B073-3966F4CD84A1}"
EndProject
Global
	GlobalSection(SolutionConfigurationPlatforms) = preSolution
		Debug|Any CPU = Debug|Any CPU
		Release|Any CPU = Release|Any CPU
	EndGlobalSection
	GlobalSection(ProjectConfigurationPlatforms) = postSolution
		{DF6159AB-983E-4777-8C2A-D2975284BE85}.Debug|Any CPU.ActiveCfg = Debug|Any CPU
		{DF6159AB-983E-4777-8C2A-D2975284BE85}.Debug|Any CPU.Build.0 = Debug|Any CPU
		{DF6159AB-983E-4777-8C2A-D2975284BE85}.Release|Any CPU.ActiveCfg = Release|Any CPU
		{DF6159AB-983E-4777-8C2A-D2975284BE85}.Release|Any CPU.Build.0 = Release|Any CPU
		{C05A0828-B152-4C6C-B073-3966F4CD84A1}.Debug|Any CPU.ActiveCfg = Debug|Any CPU
		{C05A0828-B152-4C6C-B073-3966F4CD84A1}.Debug|Any CPU.Build.0 = Debug|Any CPU
		{C05A0828-B152-4C6C-B073-3966F4CD84A1}.Release|Any CPU.ActiveCfg = Release|Any CPU
		{C05A0828-B152-4C6C-B073-3966F4CD84A1}.Release|Any CPU.Build.0 = Release|Any CPU
	EndGlobalSection
	GlobalSection(SolutionProperties) = preSolution
		HideSolutionNode = FALSE
	EndGlobalSection
	GlobalSection(ExtensibilityGlobals) = postSolution
		SolutionGuid = {835E6D2A-F548-490F-8062-08661D9859C2}
	EndGlobalSection
EndGlobal
